
Microsoft Visual Studio Solution File, Format Version 12.00
Project("{FAE04EC0-301F-11D3-BF4B-00C04F79EFBC}") = "InsuranceService.ElsaOrchestrator", "InsuranceService.ElsaOrchestrator\InsuranceService.ElsaOrchestrator.csproj", "{948199D3-E386-4C23-9B09-AB2A837FF985}"
EndProject
Project("{FAE04EC0-301F-11D3-BF4B-00C04F79EFBC}") = "InsuranceService.CreateOrder", "InsuranceService.CreateOrder\InsuranceService.CreateOrder.csproj", "{71B897A1-98C0-4B3B-8FE5-A167505E5B06}"
EndProject
Project("{FAE04EC0-301F-11D3-BF4B-00C04F79EFBC}") = "InsuranceService.GetOrder", "InsuranceService.GetOrder\InsuranceService.GetOrder.csproj", "{15E7E9DF-4260-4045-946D-690DAACFC05B}"
EndProject
Project("{FAE04EC0-301F-11D3-BF4B-00C04F79EFBC}") = "InsuranceService.CalculateService", "InsuranceService.CalculateService\InsuranceService.CalculateService.csproj", "{55120292-C85A-49ED-BB43-69D02E1CD850}"
EndProject
Project("{FAE04EC0-301F-11D3-BF4B-00C04F79EFBC}") = "InsuranceService.CancelOrder", "InsuranceService.CancelOrder\InsuranceService.CancelOrder.csproj", "{0EA56002-A95D-4055-B2FB-1D2FC26740A2}"
EndProject
Project("{FAE04EC0-301F-11D3-BF4B-00C04F79EFBC}") = "InsuranceService.CreateProduct", "InsuranceService.CreateProduct\InsuranceService.CreateProduct.csproj", "{B9AAF151-FF0B-4AC2-9A50-F8445B508A7F}"
EndProject
Project("{FAE04EC0-301F-11D3-BF4B-00C04F79EFBC}") = "InsuranceService.GetProduct", "InsuranceService.GetProduct\InsuranceService.GetProduct.csproj", "{B90CC5D5-1DB0-4BAD-894E-BC2BC3F9207F}"
EndProject
Project("{FAE04EC0-301F-11D3-BF4B-00C04F79EFBC}") = "InsuranceService.RegisterUser", "InsuranceService.RegisterUser\InsuranceService.RegisterUser.csproj", "{030DC5FF-AA2B-4B7D-A8CD-13DC3AEFB757}"
EndProject
Project("{FAE04EC0-301F-11D3-BF4B-00C04F79EFBC}") = "InsuranceService.GetUser", "InsuranceService.GetUser\InsuranceService.GetUser.csproj", "{8269EDB3-17E0-4883-9355-5C24BFF1A5D3}"
EndProject
Project("{FAE04EC0-301F-11D3-BF4B-00C04F79EFBC}") = "InsuranceService.SubmitClaim", "InsuranceService.SubmitClaim\InsuranceService.SubmitClaim.csproj", "{405A7040-4538-4127-BF62-2684AB7DB5B0}"
EndProject
Project("{FAE04EC0-301F-11D3-BF4B-00C04F79EFBC}") = "InsuranceService.GetClaim", "InsuranceService.GetClaim\InsuranceService.GetClaim.csproj", "{CE2F3910-D6F6-4952-93E4-FB53BE56BF46}"
EndProject
Project("{FAE04EC0-301F-11D3-BF4B-00C04F79EFBC}") = "InsuranceService.ProcessPayment", "InsuranceService.ProcessPayment\InsuranceService.ProcessPayment.csproj", "{DB4DA598-874E-409C-8BB1-444D309250B0}"
EndProject
Project("{FAE04EC0-301F-11D3-BF4B-00C04F79EFBC}") = "InsuranceService.GenerateDocument", "InsuranceService.GenerateDocument\InsuranceService.GenerateDocument.csproj", "{9921C5AA-9354-4EED-9106-1992D5D386BE}"
EndProject
Project("{FAE04EC0-301F-11D3-BF4B-00C04F79EFBC}") = "InsuranceService.SendNotification", "InsuranceService.SendNotification\InsuranceService.SendNotification.csproj", "{9AB1ECC1-79C9-4C7F-B3AC-886F97DFF6FA}"
EndProject
Global
	GlobalSection(SolutionConfigurationPlatforms) = preSolution
		Debug|Any CPU = Debug|Any CPU
		Release|Any CPU = Release|Any CPU
	EndGlobalSection
	GlobalSection(ProjectConfigurationPlatforms) = postSolution
		{948199D3-E386-4C23-9B09-AB2A837FF985}.Debug|Any CPU.ActiveCfg = Debug|Any CPU
		{948199D3-E386-4C23-9B09-AB2A837FF985}.Debug|Any CPU.Build.0 = Debug|Any CPU
		{948199D3-E386-4C23-9B09-AB2A837FF985}.Release|Any CPU.ActiveCfg = Release|Any CPU
		{948199D3-E386-4C23-9B09-AB2A837FF985}.Release|Any CPU.Build.0 = Release|Any CPU
		{71B897A1-98C0-4B3B-8FE5-A167505E5B06}.Debug|Any CPU.ActiveCfg = Debug|Any CPU
		{71B897A1-98C0-4B3B-8FE5-A167505E5B06}.Debug|Any CPU.Build.0 = Debug|Any CPU
		{71B897A1-98C0-4B3B-8FE5-A167505E5B06}.Release|Any CPU.ActiveCfg = Release|Any CPU
		{71B897A1-98C0-4B3B-8FE5-A167505E5B06}.Release|Any CPU.Build.0 = Release|Any CPU
		{15E7E9DF-4260-4045-946D-690DAACFC05B}.Debug|Any CPU.ActiveCfg = Debug|Any CPU
		{15E7E9DF-4260-4045-946D-690DAACFC05B}.Debug|Any CPU.Build.0 = Debug|Any CPU
		{15E7E9DF-4260-4045-946D-690DAACFC05B}.Release|Any CPU.ActiveCfg = Release|Any CPU
		{15E7E9DF-4260-4045-946D-690DAACFC05B}.Release|Any CPU.Build.0 = Release|Any CPU
		{55120292-C85A-49ED-BB43-69D02E1CD850}.Debug|Any CPU.ActiveCfg = Debug|Any CPU
		{55120292-C85A-49ED-BB43-69D02E1CD850}.Debug|Any CPU.Build.0 = Debug|Any CPU
		{55120292-C85A-49ED-BB43-69D02E1CD850}.Release|Any CPU.ActiveCfg = Release|Any CPU
		{55120292-C85A-49ED-BB43-69D02E1CD850}.Release|Any CPU.Build.0 = Release|Any CPU
		{0EA56002-A95D-4055-B2FB-1D2FC26740A2}.Debug|Any CPU.ActiveCfg = Debug|Any CPU
		{0EA56002-A95D-4055-B2FB-1D2FC26740A2}.Debug|Any CPU.Build.0 = Debug|Any CPU
		{0EA56002-A95D-4055-B2FB-1D2FC26740A2}.Release|Any CPU.ActiveCfg = Release|Any CPU
		{0EA56002-A95D-4055-B2FB-1D2FC26740A2}.Release|Any CPU.Build.0 = Release|Any CPU
		{B9AAF151-FF0B-4AC2-9A50-F8445B508A7F}.Debug|Any CPU.ActiveCfg = Debug|Any CPU
		{B9AAF151-FF0B-4AC2-9A50-F8445B508A7F}.Debug|Any CPU.Build.0 = Debug|Any CPU
		{B9AAF151-FF0B-4AC2-9A50-F8445B508A7F}.Release|Any CPU.ActiveCfg = Release|Any CPU
		{B9AAF151-FF0B-4AC2-9A50-F8445B508A7F}.Release|Any CPU.Build.0 = Release|Any CPU
		{B90CC5D5-1DB0-4BAD-894E-BC2BC3F9207F}.Debug|Any CPU.ActiveCfg = Debug|Any CPU
		{B90CC5D5-1DB0-4BAD-894E-BC2BC3F9207F}.Debug|Any CPU.Build.0 = Debug|Any CPU
		{B90CC5D5-1DB0-4BAD-894E-BC2BC3F9207F}.Release|Any CPU.ActiveCfg = Release|Any CPU
		{B90CC5D5-1DB0-4BAD-894E-BC2BC3F9207F}.Release|Any CPU.Build.0 = Release|Any CPU
		{030DC5FF-AA2B-4B7D-A8CD-13DC3AEFB757}.Debug|Any CPU.ActiveCfg = Debug|Any CPU
		{030DC5FF-AA2B-4B7D-A8CD-13DC3AEFB757}.Debug|Any CPU.Build.0 = Debug|Any CPU
		{030DC5FF-AA2B-4B7D-A8CD-13DC3AEFB757}.Release|Any CPU.ActiveCfg = Release|Any CPU
		{030DC5FF-AA2B-4B7D-A8CD-13DC3AEFB757}.Release|Any CPU.Build.0 = Release|Any CPU
		{8269EDB3-17E0-4883-9355-5C24BFF1A5D3}.Debug|Any CPU.ActiveCfg = Debug|Any CPU
		{8269EDB3-17E0-4883-9355-5C24BFF1A5D3}.Debug|Any CPU.Build.0 = Debug|Any CPU
		{8269EDB3-17E0-4883-9355-5C24BFF1A5D3}.Release|Any CPU.ActiveCfg = Release|Any CPU
		{8269EDB3-17E0-4883-9355-5C24BFF1A5D3}.Release|Any CPU.Build.0 = Release|Any CPU
		{405A7040-4538-4127-BF62-2684AB7DB5B0}.Debug|Any CPU.ActiveCfg = Debug|Any CPU
		{405A7040-4538-4127-BF62-2684AB7DB5B0}.Debug|Any CPU.Build.0 = Debug|Any CPU
		{405A7040-4538-4127-BF62-2684AB7DB5B0}.Release|Any CPU.ActiveCfg = Release|Any CPU
		{405A7040-4538-4127-BF62-2684AB7DB5B0}.Release|Any CPU.Build.0 = Release|Any CPU
		{CE2F3910-D6F6-4952-93E4-FB53BE56BF46}.Debug|Any CPU.ActiveCfg = Debug|Any CPU
		{CE2F3910-D6F6-4952-93E4-FB53BE56BF46}.Debug|Any CPU.Build.0 = Debug|Any CPU
		{CE2F3910-D6F6-4952-93E4-FB53BE56BF46}.Release|Any CPU.ActiveCfg = Release|Any CPU
		{CE2F3910-D6F6-4952-93E4-FB53BE56BF46}.Release|Any CPU.Build.0 = Release|Any CPU
		{DB4DA598-874E-409C-8BB1-444D309250B0}.Debug|Any CPU.ActiveCfg = Debug|Any CPU
		{DB4DA598-874E-409C-8BB1-444D309250B0}.Debug|Any CPU.Build.0 = Debug|Any CPU
		{DB4DA598-874E-409C-8BB1-444D309250B0}.Release|Any CPU.ActiveCfg = Release|Any CPU
		{DB4DA598-874E-409C-8BB1-444D309250B0}.Release|Any CPU.Build.0 = Release|Any CPU
		{9921C5AA-9354-4EED-9106-1992D5D386BE}.Debug|Any CPU.ActiveCfg = Debug|Any CPU
		{9921C5AA-9354-4EED-9106-1992D5D386BE}.Debug|Any CPU.Build.0 = Debug|Any CPU
		{9921C5AA-9354-4EED-9106-1992D5D386BE}.Release|Any CPU.ActiveCfg = Release|Any CPU
		{9921C5AA-9354-4EED-9106-1992D5D386BE}.Release|Any CPU.Build.0 = Release|Any CPU
		{9AB1ECC1-79C9-4C7F-B3AC-886F97DFF6FA}.Debug|Any CPU.ActiveCfg = Debug|Any CPU
		{9AB1ECC1-79C9-4C7F-B3AC-886F97DFF6FA}.Debug|Any CPU.Build.0 = Debug|Any CPU
		{9AB1ECC1-79C9-4C7F-B3AC-886F97DFF6FA}.Release|Any CPU.ActiveCfg = Release|Any CPU
		{9AB1ECC1-79C9-4C7F-B3AC-886F97DFF6FA}.Release|Any CPU.Build.0 = Release|Any CPU
	EndGlobalSection
EndGlobal
